
Microsoft Visual Studio Solution File, Format Version 12.00
# Visual Studio Version 17
VisualStudioVersion = 17.10.35122.118
MinimumVisualStudioVersion = 10.0.40219.1
Project("{8BC9CEB8-8B4A-11D0-8D11-00A0C91BC942}") = "gcontainers", "gcontainers\gcontainers.vcxproj", "{70BE63E4-6A63-44E5-91E0-37883A6EB3B5}"
EndProject
Project("{8BC9CEB8-8B4A-11D0-8D11-00A0C91BC942}") = "gcontainers-test", "gcontainers-test\gcontainers-test.vcxproj", "{9033B590-19B3-42F8-B2A3-9C4C8928E82F}"
EndProject
Global
	GlobalSection(SolutionConfigurationPlatforms) = preSolution
		Debug|x64 = Debug|x64
		Debug|x86 = Debug|x86
		Release|x64 = Release|x64
		Release|x86 = Release|x86
	EndGlobalSection
	GlobalSection(ProjectConfigurationPlatforms) = postSolution
		{70BE63E4-6A63-44E5-91E0-37883A6EB3B5}.Debug|x64.ActiveCfg = Debug|x64
		{70BE63E4-6A63-44E5-91E0-37883A6EB3B5}.Debug|x64.Build.0 = Debug|x64
		{70BE63E4-6A63-44E5-91E0-37883A6EB3B5}.Debug|x86.ActiveCfg = Debug|Win32
		{70BE63E4-6A63-44E5-91E0-37883A6EB3B5}.Debug|x86.Build.0 = Debug|Win32
		{70BE63E4-6A63-44E5-91E0-37883A6EB3B5}.Release|x64.ActiveCfg = Release|x64
		{70BE63E4-6A63-44E5-91E0-37883A6EB3B5}.Release|x64.Build.0 = Release|x64
		{70BE63E4-6A63-44E5-91E0-37883A6EB3B5}.Release|x86.ActiveCfg = Release|Win32
		{70BE63E4-6A63-44E5-91E0-37883A6EB3B5}.Release|x86.Build.0 = Release|Win32
		{9033B590-19B3-42F8-B2A3-9C4C8928E82F}.Debug|x64.ActiveCfg = Debug|x64
		{9033B590-19B3-42F8-B2A3-9C4C8928E82F}.Debug|x64.Build.0 = Debug|x64
		{9033B590-19B3-42F8-B2A3-9C4C8928E82F}.Debug|x86.ActiveCfg = Debug|Win32
		{9033B590-19B3-42F8-B2A3-9C4C8928E82F}.Debug|x86.Build.0 = Debug|Win32
		{9033B590-19B3-42F8-B2A3-9C4C8928E82F}.Release|x64.ActiveCfg = Release|x64
		{9033B590-19B3-42F8-B2A3-9C4C8928E82F}.Release|x64.Build.0 = Release|x64
		{9033B590-19B3-42F8-B2A3-9C4C8928E82F}.Release|x86.ActiveCfg = Release|Win32
		{9033B590-19B3-42F8-B2A3-9C4C8928E82F}.Release|x86.Build.0 = Release|Win32
	EndGlobalSection
	GlobalSection(SolutionProperties) = preSolution
		HideSolutionNode = FALSE
	EndGlobalSection
	GlobalSection(ExtensibilityGlobals) = postSolution
		SolutionGuid = {D2259105-B3F3-47BF-BE65-6827D4333F68}
	EndGlobalSection
EndGlobal
