<?xml version="1.0" encoding="utf-8"?>
<Project ToolsVersion="4.0" xmlns="http://schemas.microsoft.com/developer/msbuild/2003">
  <ItemGroup>
    <ClCompile Include="basicalg.cpp" />
    <ClCompile Include="math.cpp" />
    <ClCompile Include="searching.cpp" />
    <ClCompile Include="pch.cpp" />
    <ClCompile Include="sorting.cpp" />
    <ClCompile Include="singlylinkedlist.cpp">
      <Filter>Containers</Filter>
    </ClCompile>
    <ClCompile Include="doublylinkedlist.cpp">
      <Filter>Containers</Filter>
    </ClCompile>
    <ClCompile Include="bst.cpp">
      <Filter>Containers</Filter>
    </ClCompile>
    <ClCompile Include="heap.cpp">
      <Filter>Containers</Filter>
    </ClCompile>
    <ClCompile Include="hashmap.cpp">
      <Filter>Containers</Filter>
    </ClCompile>
  </ItemGroup>
  <ItemGroup>
    <ClInclude Include="pch.h" />
  </ItemGroup>
  <ItemGroup>
    <None Include="packages.config" />
  </ItemGroup>
  <ItemGroup>
    <Filter Include="Containers">
      <UniqueIdentifier>{3175455e-f84f-44d9-975b-a06fbf88c83d}</UniqueIdentifier>
    </Filter>
  </ItemGroup>
</Project>